
Microsoft Visual Studio Solution File, Format Version 12.00
# Visual Studio Version 16
VisualStudioVersion = 16.0.31624.102
MinimumVisualStudioVersion = 10.0.40219.1
Project("{FAE04EC0-301F-11D3-BF4B-00C04F79EFBC}") = "TicTacToeNS14", "TicTacToeNS14\TicTacToeNS14.csproj", "{80E1309F-C9CE-4468-A817-EC05164399BC}"
EndProject
Global
	GlobalSection(SolutionConfigurationPlatforms) = preSolution
		Debug|Any CPU = Debug|Any CPU
		Release|Any CPU = Release|Any CPU
	EndGlobalSection
	GlobalSection(ProjectConfigurationPlatforms) = postSolution
		{80E1309F-C9CE-4468-A817-EC05164399BC}.Debug|Any CPU.ActiveCfg = Debug|Any CPU
		{80E1309F-C9CE-4468-A817-EC05164399BC}.Debug|Any CPU.Build.0 = Debug|Any CPU
		{80E1309F-C9CE-4468-A817-EC05164399BC}.Release|Any CPU.ActiveCfg = Release|Any CPU
		{80E1309F-C9CE-4468-A817-EC05164399BC}.Release|Any CPU.Build.0 = Release|Any CPU
	EndGlobalSection
	GlobalSection(SolutionProperties) = preSolution
		HideSolutionNode = FALSE
	EndGlobalSection
	GlobalSection(ExtensibilityGlobals) = postSolution
		SolutionGuid = {D35EF608-0645-4362-BDE2-6C01CE5803AF}
	EndGlobalSection
EndGlobal
